
Microsoft Visual Studio Solution File, Format Version 12.00
# Visual Studio 15
VisualStudioVersion = 15.0.27703.2042
MinimumVisualStudioVersion = 10.0.40219.1
Project("{FAE04EC0-301F-11D3-BF4B-00C04F79EFBC}") = "NomadControlWork", "NomadControlWork\NomadControlWork.csproj", "{4D5D9A7D-E1C0-449E-AB66-ADD4050A30AB}"
EndProject
Project("{FAE04EC0-301F-11D3-BF4B-00C04F79EFBC}") = "NomadControlWork.Models", "NomadControlWork.Models\NomadControlWork.Models.csproj", "{18BF00AA-B460-438B-87C1-A08D0A95C919}"
EndProject
Project("{FAE04EC0-301F-11D3-BF4B-00C04F79EFBC}") = "WpfApp1", "WpfApp1\WpfApp1.csproj", "{786767A7-2156-49C7-B74C-089219BCD437}"
EndProject
Global
	GlobalSection(SolutionConfigurationPlatforms) = preSolution
		Debug|Any CPU = Debug|Any CPU
		Release|Any CPU = Release|Any CPU
	EndGlobalSection
	GlobalSection(ProjectConfigurationPlatforms) = postSolution
		{4D5D9A7D-E1C0-449E-AB66-ADD4050A30AB}.Debug|Any CPU.ActiveCfg = Debug|Any CPU
		{4D5D9A7D-E1C0-449E-AB66-ADD4050A30AB}.Debug|Any CPU.Build.0 = Debug|Any CPU
		{4D5D9A7D-E1C0-449E-AB66-ADD4050A30AB}.Release|Any CPU.ActiveCfg = Release|Any CPU
		{4D5D9A7D-E1C0-449E-AB66-ADD4050A30AB}.Release|Any CPU.Build.0 = Release|Any CPU
		{18BF00AA-B460-438B-87C1-A08D0A95C919}.Debug|Any CPU.ActiveCfg = Debug|Any CPU
		{18BF00AA-B460-438B-87C1-A08D0A95C919}.Debug|Any CPU.Build.0 = Debug|Any CPU
		{18BF00AA-B460-438B-87C1-A08D0A95C919}.Release|Any CPU.ActiveCfg = Release|Any CPU
		{18BF00AA-B460-438B-87C1-A08D0A95C919}.Release|Any CPU.Build.0 = Release|Any CPU
		{786767A7-2156-49C7-B74C-089219BCD437}.Debug|Any CPU.ActiveCfg = Debug|Any CPU
		{786767A7-2156-49C7-B74C-089219BCD437}.Debug|Any CPU.Build.0 = Debug|Any CPU
		{786767A7-2156-49C7-B74C-089219BCD437}.Release|Any CPU.ActiveCfg = Release|Any CPU
		{786767A7-2156-49C7-B74C-089219BCD437}.Release|Any CPU.Build.0 = Release|Any CPU
	EndGlobalSection
	GlobalSection(SolutionProperties) = preSolution
		HideSolutionNode = FALSE
	EndGlobalSection
	GlobalSection(ExtensibilityGlobals) = postSolution
		SolutionGuid = {250DD776-5386-42F7-9131-9D6F0E7E303A}
	EndGlobalSection
EndGlobal
